
Microsoft Visual Studio Solution File, Format Version 12.00
Project("{FAE04EC0-301F-11D3-BF4B-00C04F79EFBC}") = "GeoLocal", "GeoLocal\GeoLocal.csproj", "{B7BAE2D6-941E-4481-BA1A-A6DF95A56BE9}"
EndProject
Project("{FAE04EC0-301F-11D3-BF4B-00C04F79EFBC}") = "GeoLocal.BusinessLogic", "GeoLocal.BusinessLogic\GeoLocal.BusinessLogic.csproj", "{AD7275D0-0358-4590-9F06-5C0464CE8084}"
EndProject
Project("{FAE04EC0-301F-11D3-BF4B-00C04F79EFBC}") = "GeoLocal.DataAccessLayer", "GeoLocal.DataAccessLayer\GeoLocal.DataAccessLayer.csproj", "{716FEC3F-6EE8-4CDD-8B0E-9169C5B0FAF8}"
EndProject
Global
	GlobalSection(SolutionConfigurationPlatforms) = preSolution
		Debug|Any CPU = Debug|Any CPU
		Release|Any CPU = Release|Any CPU
	EndGlobalSection
	GlobalSection(ProjectConfigurationPlatforms) = postSolution
		{B7BAE2D6-941E-4481-BA1A-A6DF95A56BE9}.Debug|Any CPU.ActiveCfg = Debug|Any CPU
		{B7BAE2D6-941E-4481-BA1A-A6DF95A56BE9}.Debug|Any CPU.Build.0 = Debug|Any CPU
		{B7BAE2D6-941E-4481-BA1A-A6DF95A56BE9}.Release|Any CPU.ActiveCfg = Release|Any CPU
		{B7BAE2D6-941E-4481-BA1A-A6DF95A56BE9}.Release|Any CPU.Build.0 = Release|Any CPU
		{AD7275D0-0358-4590-9F06-5C0464CE8084}.Debug|Any CPU.ActiveCfg = Debug|Any CPU
		{AD7275D0-0358-4590-9F06-5C0464CE8084}.Debug|Any CPU.Build.0 = Debug|Any CPU
		{AD7275D0-0358-4590-9F06-5C0464CE8084}.Release|Any CPU.ActiveCfg = Release|Any CPU
		{AD7275D0-0358-4590-9F06-5C0464CE8084}.Release|Any CPU.Build.0 = Release|Any CPU
		{716FEC3F-6EE8-4CDD-8B0E-9169C5B0FAF8}.Debug|Any CPU.ActiveCfg = Debug|Any CPU
		{716FEC3F-6EE8-4CDD-8B0E-9169C5B0FAF8}.Debug|Any CPU.Build.0 = Debug|Any CPU
		{716FEC3F-6EE8-4CDD-8B0E-9169C5B0FAF8}.Release|Any CPU.ActiveCfg = Release|Any CPU
		{716FEC3F-6EE8-4CDD-8B0E-9169C5B0FAF8}.Release|Any CPU.Build.0 = Release|Any CPU
	EndGlobalSection
EndGlobal
